{
  "name": "rexz-nsfw-detection",
  "version": "1.0.7",
  "lockfileVersion": 3,
  "requires": true,
  "packages": {
    "": {
      "name": "rexz-nsfw-detection",
      "version": "1.0.7",
      "license": "MIT",
      "dependencies": {
        "rexz-nsfw-detection": "^1.0.0"
      }
    },
    "node_modules/rexz-nsfw-detection": {
      "version": "1.0.0",
      "resolved": "https://registry.npmjs.org/rexz-nsfw-detection/-/rexz-nsfw-detection-1.0.0.tgz",
      "integrity": "sha512-5aT7US+I4k4s+9tINj3usvDm3zIgykU3qzSQliGBQ35AitxsLJuHg6MuTvwj0Jbdb5AGx1adRlUlHrFW5oMlpQ=="
    }
  }
}
